Microsoft Visual Studio Solution File, Format Version 8.00
Project("{8BC9CEB8-8B4A-11D0-8D11-00A0C91BC942}") = "ex_04_simplerand", "ex_04_simplerand.vcproj", "{8868A41F-3652-4D93-81AB-F31AE72678DE}"
	ProjectSection(ProjectDependencies) = postProject
	EndProjectSection
EndProject
Global
	GlobalSection(SolutionConfiguration) = preSolution
		Debug = Debug
		Release = Release
	EndGlobalSection
	GlobalSection(ProjectConfiguration) = postSolution
		{8868A41F-3652-4D93-81AB-F31AE72678DE}.Debug.ActiveCfg = Debug|Win32
		{8868A41F-3652-4D93-81AB-F31AE72678DE}.Debug.Build.0 = Debug|Win32
		{8868A41F-3652-4D93-81AB-F31AE72678DE}.Release.ActiveCfg = Release|Win32
		{8868A41F-3652-4D93-81AB-F31AE72678DE}.Release.Build.0 = Release|Win32
	EndGlobalSection
	GlobalSection(ExtensibilityGlobals) = postSolution
	EndGlobalSection
	GlobalSection(ExtensibilityAddIns) = postSolution
	EndGlobalSection
EndGlobal
