Microsoft Visual Studio Solution File, Format Version 8.00
Project("{8BC9CEB8-8B4A-11D0-8D11-00A0C91BC942}") = "scv", "scv.vcproj", "{F71A70AB-631A-4CA5-96C4-5CCAE222835B}"
	ProjectSection(ProjectDependencies) = postProject
	EndProjectSection
EndProject
Project("{8BC9CEB8-8B4A-11D0-8D11-00A0C91BC942}") = "util", "util\util.vcproj", "{5096A355-8E9B-4F9E-B46F-3650E66BDBEC}"
	ProjectSection(ProjectDependencies) = postProject
	EndProjectSection
EndProject
Project("{8BC9CEB8-8B4A-11D0-8D11-00A0C91BC942}") = "cudd", "cudd\cudd.vcproj", "{F8F6394C-A8A0-4746-9EC0-13263553D0D8}"
	ProjectSection(ProjectDependencies) = postProject
	EndProjectSection
EndProject
Project("{8BC9CEB8-8B4A-11D0-8D11-00A0C91BC942}") = "dddmp", "dddmp\dddmp.vcproj", "{C4492F2C-966F-456D-BA8E-3BB6BB3C81A1}"
	ProjectSection(ProjectDependencies) = postProject
	EndProjectSection
EndProject
Project("{8BC9CEB8-8B4A-11D0-8D11-00A0C91BC942}") = "mtr", "mtr\mtr.vcproj", "{A9873AD3-F1D2-4C81-A361-7236CA41602F}"
	ProjectSection(ProjectDependencies) = postProject
	EndProjectSection
EndProject
Project("{8BC9CEB8-8B4A-11D0-8D11-00A0C91BC942}") = "st", "st\st.vcproj", "{0803F2F0-EDFC-4FC7-BD1C-A57A507C3B3B}"
	ProjectSection(ProjectDependencies) = postProject
	EndProjectSection
EndProject
Project("{8BC9CEB8-8B4A-11D0-8D11-00A0C91BC942}") = "obj", "obj\obj.vcproj", "{6540E769-9369-4346-BC54-E5EA53EA8F62}"
	ProjectSection(ProjectDependencies) = postProject
	EndProjectSection
EndProject
Global
	GlobalSection(SolutionConfiguration) = preSolution
		Debug = Debug
		Release = Release
	EndGlobalSection
	GlobalSection(ProjectConfiguration) = postSolution
		{F71A70AB-631A-4CA5-96C4-5CCAE222835B}.Debug.ActiveCfg = Debug|Win32
		{F71A70AB-631A-4CA5-96C4-5CCAE222835B}.Debug.Build.0 = Debug|Win32
		{F71A70AB-631A-4CA5-96C4-5CCAE222835B}.Release.ActiveCfg = Release|Win32
		{F71A70AB-631A-4CA5-96C4-5CCAE222835B}.Release.Build.0 = Release|Win32
		{5096A355-8E9B-4F9E-B46F-3650E66BDBEC}.Debug.ActiveCfg = Debug|Win32
		{5096A355-8E9B-4F9E-B46F-3650E66BDBEC}.Debug.Build.0 = Debug|Win32
		{5096A355-8E9B-4F9E-B46F-3650E66BDBEC}.Release.ActiveCfg = Release|Win32
		{5096A355-8E9B-4F9E-B46F-3650E66BDBEC}.Release.Build.0 = Release|Win32
		{F8F6394C-A8A0-4746-9EC0-13263553D0D8}.Debug.ActiveCfg = Debug|Win32
		{F8F6394C-A8A0-4746-9EC0-13263553D0D8}.Debug.Build.0 = Debug|Win32
		{F8F6394C-A8A0-4746-9EC0-13263553D0D8}.Release.ActiveCfg = Release|Win32
		{F8F6394C-A8A0-4746-9EC0-13263553D0D8}.Release.Build.0 = Release|Win32
		{C4492F2C-966F-456D-BA8E-3BB6BB3C81A1}.Debug.ActiveCfg = Debug|Win32
		{C4492F2C-966F-456D-BA8E-3BB6BB3C81A1}.Debug.Build.0 = Debug|Win32
		{C4492F2C-966F-456D-BA8E-3BB6BB3C81A1}.Release.ActiveCfg = Release|Win32
		{C4492F2C-966F-456D-BA8E-3BB6BB3C81A1}.Release.Build.0 = Release|Win32
		{A9873AD3-F1D2-4C81-A361-7236CA41602F}.Debug.ActiveCfg = Debug|Win32
		{A9873AD3-F1D2-4C81-A361-7236CA41602F}.Debug.Build.0 = Debug|Win32
		{A9873AD3-F1D2-4C81-A361-7236CA41602F}.Release.ActiveCfg = Release|Win32
		{A9873AD3-F1D2-4C81-A361-7236CA41602F}.Release.Build.0 = Release|Win32
		{0803F2F0-EDFC-4FC7-BD1C-A57A507C3B3B}.Debug.ActiveCfg = Debug|Win32
		{0803F2F0-EDFC-4FC7-BD1C-A57A507C3B3B}.Debug.Build.0 = Debug|Win32
		{0803F2F0-EDFC-4FC7-BD1C-A57A507C3B3B}.Release.ActiveCfg = Release|Win32
		{0803F2F0-EDFC-4FC7-BD1C-A57A507C3B3B}.Release.Build.0 = Release|Win32
		{6540E769-9369-4346-BC54-E5EA53EA8F62}.Debug.ActiveCfg = Debug|Win32
		{6540E769-9369-4346-BC54-E5EA53EA8F62}.Debug.Build.0 = Debug|Win32
		{6540E769-9369-4346-BC54-E5EA53EA8F62}.Release.ActiveCfg = Release|Win32
		{6540E769-9369-4346-BC54-E5EA53EA8F62}.Release.Build.0 = Release|Win32
	EndGlobalSection
	GlobalSection(ExtensibilityGlobals) = postSolution
	EndGlobalSection
	GlobalSection(ExtensibilityAddIns) = postSolution
	EndGlobalSection
EndGlobal
